{
	"name": "eoplus-language-server",
	"version": "1.0.0",
	"lockfileVersion": 2,
	"requires": true,
	"packages": {
		"": {
			"name": "eoplus-language-server",
			"version": "1.0.0",
			"license": "MIT",
			"dependencies": {
				"antlr4-c3": "^3.3.4",
				"antlr4ng": "^2.0.2",
				"fuzzysort": "^2.0.4",
				"vscode-languageserver": "^8.1.0",
				"vscode-languageserver-textdocument": "^1.0.8"
			},
			"devDependencies": {
				"@types/node": "^14.11.5",
				"antlr4ng-cli": "^1.0.4"
			},
			"engines": {
				"node": "*"
			}
		},
		"node_modules/@types/node": {
			"version": "14.11.5",
			"resolved": "https://registry.npmjs.org/@types/node/-/node-14.11.5.tgz",
			"integrity": "sha512-jVFzDV6NTbrLMxm4xDSIW/gKnk8rQLF9wAzLWIOg+5nU6ACrIMndeBdXci0FGtqJbP9tQvm6V39eshc96TO2wQ==",
			"dev": true
		},
		"node_modules/antlr4-c3": {
			"version": "3.3.4",
			"resolved": "https://registry.npmjs.org/antlr4-c3/-/antlr4-c3-3.3.4.tgz",
			"integrity": "sha512-hH4Dyn/0YKMONViitoy/ntc/Pb6spflMTycOOPGpIYqzs6PzXP4fTmlVyRohy8/qaI80dXVVsnsVw3lXuRCsvQ==",
			"dependencies": {
				"antlr4ng": "2.0.2"
			}
		},
		"node_modules/antlr4ng": {
			"version": "2.0.2",
			"resolved": "https://registry.npmjs.org/antlr4ng/-/antlr4ng-2.0.2.tgz",
			"integrity": "sha512-Fhs3AvhoGigRt3RpHw0wGA7n03j9BpskH9yCUViNB7NtKuCA+imy2orEZ8qcgPG98f7IryEPYlG9sx99f3ZOyw==",
			"peerDependencies": {
				"antlr4ng-cli": "1.0.4"
			}
		},
		"node_modules/antlr4ng-cli": {
			"version": "1.0.4",
			"resolved": "https://registry.npmjs.org/antlr4ng-cli/-/antlr4ng-cli-1.0.4.tgz",
			"integrity": "sha512-O2Tff5nHs2qrqZJKDQEr2vZ6aDalmvWhynTFYosXE8jRMddtTVw6qFWvvtT/HhOnwbTTOQzXQrA2GQU90JQXWA==",
			"bin": {
				"antlr4ng": "index.js"
			}
		},
		"node_modules/fuzzysort": {
			"version": "2.0.4",
			"resolved": "https://registry.npmjs.org/fuzzysort/-/fuzzysort-2.0.4.tgz",
			"integrity": "sha512-Api1mJL+Ad7W7vnDZnWq5pGaXJjyencT+iKGia2PlHUcSsSzWwIQ3S1isiMpwpavjYtGd2FzhUIhnnhOULZgDw=="
		},
		"node_modules/vscode-jsonrpc": {
			"version": "8.1.0",
			"resolved": "https://registry.npmjs.org/vscode-jsonrpc/-/vscode-jsonrpc-8.1.0.tgz",
			"integrity": "sha512-6TDy/abTQk+zDGYazgbIPc+4JoXdwC8NHU9Pbn4UJP1fehUyZmM4RHp5IthX7A6L5KS30PRui+j+tbbMMMafdw==",
			"engines": {
				"node": ">=14.0.0"
			}
		},
		"node_modules/vscode-languageserver": {
			"version": "8.1.0",
			"resolved": "https://registry.npmjs.org/vscode-languageserver/-/vscode-languageserver-8.1.0.tgz",
			"integrity": "sha512-eUt8f1z2N2IEUDBsKaNapkz7jl5QpskN2Y0G01T/ItMxBxw1fJwvtySGB9QMecatne8jFIWJGWI61dWjyTLQsw==",
			"dependencies": {
				"vscode-languageserver-protocol": "3.17.3"
			},
			"bin": {
				"installServerIntoExtension": "bin/installServerIntoExtension"
			}
		},
		"node_modules/vscode-languageserver-protocol": {
			"version": "3.17.3",
			"resolved": "https://registry.npmjs.org/vscode-languageserver-protocol/-/vscode-languageserver-protocol-3.17.3.tgz",
			"integrity": "sha512-924/h0AqsMtA5yK22GgMtCYiMdCOtWTSGgUOkgEDX+wk2b0x4sAfLiO4NxBxqbiVtz7K7/1/RgVrVI0NClZwqA==",
			"dependencies": {
				"vscode-jsonrpc": "8.1.0",
				"vscode-languageserver-types": "3.17.3"
			}
		},
		"node_modules/vscode-languageserver-textdocument": {
			"version": "1.0.11",
			"resolved": "https://registry.npmjs.org/vscode-languageserver-textdocument/-/vscode-languageserver-textdocument-1.0.11.tgz",
			"integrity": "sha512-X+8T3GoiwTVlJbicx/sIAF+yuJAqz8VvwJyoMVhwEMoEKE/fkDmrqUgDMyBECcM2A2frVZIUj5HI/ErRXCfOeA=="
		},
		"node_modules/vscode-languageserver-types": {
			"version": "3.17.3",
			"resolved": "https://registry.npmjs.org/vscode-languageserver-types/-/vscode-languageserver-types-3.17.3.tgz",
			"integrity": "sha512-SYU4z1dL0PyIMd4Vj8YOqFvHu7Hz/enbWtpfnVbJHU4Nd1YNYx8u0ennumc6h48GQNeOLxmwySmnADouT/AuZA=="
		}
	},
	"dependencies": {
		"@types/node": {
			"version": "14.11.5",
			"resolved": "https://registry.npmjs.org/@types/node/-/node-14.11.5.tgz",
			"integrity": "sha512-jVFzDV6NTbrLMxm4xDSIW/gKnk8rQLF9wAzLWIOg+5nU6ACrIMndeBdXci0FGtqJbP9tQvm6V39eshc96TO2wQ==",
			"dev": true
		},
		"antlr4-c3": {
			"version": "3.3.4",
			"resolved": "https://registry.npmjs.org/antlr4-c3/-/antlr4-c3-3.3.4.tgz",
			"integrity": "sha512-hH4Dyn/0YKMONViitoy/ntc/Pb6spflMTycOOPGpIYqzs6PzXP4fTmlVyRohy8/qaI80dXVVsnsVw3lXuRCsvQ==",
			"requires": {
				"antlr4ng": "2.0.2"
			}
		},
		"antlr4ng": {
			"version": "2.0.2",
			"resolved": "https://registry.npmjs.org/antlr4ng/-/antlr4ng-2.0.2.tgz",
			"integrity": "sha512-Fhs3AvhoGigRt3RpHw0wGA7n03j9BpskH9yCUViNB7NtKuCA+imy2orEZ8qcgPG98f7IryEPYlG9sx99f3ZOyw==",
			"requires": {}
		},
		"antlr4ng-cli": {
			"version": "1.0.4",
			"resolved": "https://registry.npmjs.org/antlr4ng-cli/-/antlr4ng-cli-1.0.4.tgz",
			"integrity": "sha512-O2Tff5nHs2qrqZJKDQEr2vZ6aDalmvWhynTFYosXE8jRMddtTVw6qFWvvtT/HhOnwbTTOQzXQrA2GQU90JQXWA=="
		},
		"fuzzysort": {
			"version": "2.0.4",
			"resolved": "https://registry.npmjs.org/fuzzysort/-/fuzzysort-2.0.4.tgz",
			"integrity": "sha512-Api1mJL+Ad7W7vnDZnWq5pGaXJjyencT+iKGia2PlHUcSsSzWwIQ3S1isiMpwpavjYtGd2FzhUIhnnhOULZgDw=="
		},
		"vscode-jsonrpc": {
			"version": "8.1.0",
			"resolved": "https://registry.npmjs.org/vscode-jsonrpc/-/vscode-jsonrpc-8.1.0.tgz",
			"integrity": "sha512-6TDy/abTQk+zDGYazgbIPc+4JoXdwC8NHU9Pbn4UJP1fehUyZmM4RHp5IthX7A6L5KS30PRui+j+tbbMMMafdw=="
		},
		"vscode-languageserver": {
			"version": "8.1.0",
			"resolved": "https://registry.npmjs.org/vscode-languageserver/-/vscode-languageserver-8.1.0.tgz",
			"integrity": "sha512-eUt8f1z2N2IEUDBsKaNapkz7jl5QpskN2Y0G01T/ItMxBxw1fJwvtySGB9QMecatne8jFIWJGWI61dWjyTLQsw==",
			"requires": {
				"vscode-languageserver-protocol": "3.17.3"
			}
		},
		"vscode-languageserver-protocol": {
			"version": "3.17.3",
			"resolved": "https://registry.npmjs.org/vscode-languageserver-protocol/-/vscode-languageserver-protocol-3.17.3.tgz",
			"integrity": "sha512-924/h0AqsMtA5yK22GgMtCYiMdCOtWTSGgUOkgEDX+wk2b0x4sAfLiO4NxBxqbiVtz7K7/1/RgVrVI0NClZwqA==",
			"requires": {
				"vscode-jsonrpc": "8.1.0",
				"vscode-languageserver-types": "3.17.3"
			}
		},
		"vscode-languageserver-textdocument": {
			"version": "1.0.11",
			"resolved": "https://registry.npmjs.org/vscode-languageserver-textdocument/-/vscode-languageserver-textdocument-1.0.11.tgz",
			"integrity": "sha512-X+8T3GoiwTVlJbicx/sIAF+yuJAqz8VvwJyoMVhwEMoEKE/fkDmrqUgDMyBECcM2A2frVZIUj5HI/ErRXCfOeA=="
		},
		"vscode-languageserver-types": {
			"version": "3.17.3",
			"resolved": "https://registry.npmjs.org/vscode-languageserver-types/-/vscode-languageserver-types-3.17.3.tgz",
			"integrity": "sha512-SYU4z1dL0PyIMd4Vj8YOqFvHu7Hz/enbWtpfnVbJHU4Nd1YNYx8u0ennumc6h48GQNeOLxmwySmnADouT/AuZA=="
		}
	}
}
